// !$*UTF8*$!
{
	archiveVersion = 1;
	classes = {
	};
	objectVersion = 46;
	objects = {

/* Begin PBXBuildFile section */
		3FAB123925181D370066811B /* XPWidgets.framework in Frameworks */ = {isa = PBXBuildFile; fileRef = 3FAB123825181D370066811B /* XPWidgets.framework */; };
		3FAB123D25181EFC0066811B /* xluaplugin.cpp in Sources */ = {isa = PBXBuildFile; fileRef = 3FAB123C25181EFC0066811B /* xluaplugin.cpp */; };
		D60205641CC7CC8C00933688 /* lua_helpers.cpp in Sources */ = {isa = PBXBuildFile; fileRef = D60205571CC7CC8C00933688 /* lua_helpers.cpp */; };
		D60205651CC7CC8C00933688 /* module.cpp in Sources */ = {isa = PBXBuildFile; fileRef = D60205591CC7CC8C00933688 /* module.cpp */; };
		D60205661CC7CC8C00933688 /* xlua.cpp in Sources */ = {isa = PBXBuildFile; fileRef = D602055B1CC7CC8C00933688 /* xlua.cpp */; };
		D60205671CC7CC8C00933688 /* xpcommands.cpp in Sources */ = {isa = PBXBuildFile; fileRef = D602055C1CC7CC8C00933688 /* xpcommands.cpp */; };
		D60205681CC7CC8C00933688 /* xpdatarefs.cpp in Sources */ = {isa = PBXBuildFile; fileRef = D602055E1CC7CC8C00933688 /* xpdatarefs.cpp */; };
		D60205691CC7CC8C00933688 /* xpfuncs.cpp in Sources */ = {isa = PBXBuildFile; fileRef = D60205601CC7CC8C00933688 /* xpfuncs.cpp */; };
		D602056A1CC7CC8C00933688 /* xptimers.cpp in Sources */ = {isa = PBXBuildFile; fileRef = D60205621CC7CC8C00933688 /* xptimers.cpp */; };
		D6A7BDAA16A1DEA200D1426A /* OpenGL.framework in Frameworks */ = {isa = PBXBuildFile; fileRef = D6A7BDA916A1DEA200D1426A /* OpenGL.framework */; };
		D6A7BDC116A1DEC000D1426A /* CoreFoundation.framework in Frameworks */ = {isa = PBXBuildFile; fileRef = D6A7BDC016A1DEC000D1426A /* CoreFoundation.framework */; };
		F3FF1D322485AD1F00B8336D /* xpmtdatarefs.cpp in Sources */ = {isa = PBXBuildFile; fileRef = F3FF1D302485AD1F00B8336D /* xpmtdatarefs.cpp */; };
		F43091612AF984EA006B9344 /* imgui_starter_window.cpp in Sources */ = {isa = PBXBuildFile; fileRef = F430915D2AF984EA006B9344 /* imgui_starter_window.cpp */; };
		F43091622AF984EA006B9344 /* imgui4xp.cpp in Sources */ = {isa = PBXBuildFile; fileRef = F430915E2AF984EA006B9344 /* imgui4xp.cpp */; };
		F43091652AF98585006B9344 /* fa-solid-900.inc in Sources */ = {isa = PBXBuildFile; fileRef = F43091632AF98585006B9344 /* fa-solid-900.inc */; };
		F43091682AF98EEC006B9344 /* ApplicationServices.framework in Frameworks */ = {isa = PBXBuildFile; fileRef = F43091672AF98EEC006B9344 /* ApplicationServices.framework */; };
		F430916B2AF98F7A006B9344 /* ImgFontAtlas.cpp in Sources */ = {isa = PBXBuildFile; fileRef = F430916A2AF98F7A006B9344 /* ImgFontAtlas.cpp */; };
		F430916F2AF98FE0006B9344 /* ImgWindow.cpp in Sources */ = {isa = PBXBuildFile; fileRef = F430916E2AF98FE0006B9344 /* ImgWindow.cpp */; };
		F43091772AF9935F006B9344 /* imgui_draw.cpp in Sources */ = {isa = PBXBuildFile; fileRef = F43091702AF9935F006B9344 /* imgui_draw.cpp */; };
		F43091782AF9935F006B9344 /* imgui.cpp in Sources */ = {isa = PBXBuildFile; fileRef = F43091712AF9935F006B9344 /* imgui.cpp */; };
		F43091792AF9935F006B9344 /* imgui_widgets.cpp in Sources */ = {isa = PBXBuildFile; fileRef = F43091722AF9935F006B9344 /* imgui_widgets.cpp */; };
		F430917A2AF9935F006B9344 /* imgui_tables.cpp in Sources */ = {isa = PBXBuildFile; fileRef = F43091742AF9935F006B9344 /* imgui_tables.cpp */; };
		F430917B2AF9935F006B9344 /* imgui_stdlib.cpp in Sources */ = {isa = PBXBuildFile; fileRef = F43091752AF9935F006B9344 /* imgui_stdlib.cpp */; };
		F430917C2AF9935F006B9344 /* imgui_demo.cpp in Sources */ = {isa = PBXBuildFile; fileRef = F43091762AF9935F006B9344 /* imgui_demo.cpp */; };
		F4BA26DF29CA0C710042C3D8 /* SerialWidget.cpp in Sources */ = {isa = PBXBuildFile; fileRef = F4BA26DD29CA0C710042C3D8 /* SerialWidget.cpp */; };
		F4BA26E129CA0DFE0042C3D8 /* XPLM.framework in Frameworks */ = {isa = PBXBuildFile; fileRef = F4BA26E029CA0DFE0042C3D8 /* XPLM.framework */; };
/* End PBXBuildFile section */

/* Begin PBXFileReference section */
		3FAB123825181D370066811B /* XPWidgets.framework */ = {isa = PBXFileReference; lastKnownFileType = wrapper.framework; name = XPWidgets.framework; path = SDK/Libraries/Mac/XPWidgets.framework; sourceTree = "<group>"; };
		3FAB123B25181ED70066811B /* xluaplugin.h */ = {isa = PBXFileReference; fileEncoding = 4; lastKnownFileType = sourcecode.c.h; path = xluaplugin.h; sourceTree = "<group>"; };
		3FAB123C25181EFC0066811B /* xluaplugin.cpp */ = {isa = PBXFileReference; fileEncoding = 4; lastKnownFileType = sourcecode.cpp.cpp; path = xluaplugin.cpp; sourceTree = "<group>"; };
		D60205571CC7CC8C00933688 /* lua_helpers.cpp */ = {isa = PBXFileReference; fileEncoding = 4; lastKnownFileType = sourcecode.cpp.cpp; path = lua_helpers.cpp; sourceTree = "<group>"; };
		D60205581CC7CC8C00933688 /* lua_helpers.h */ = {isa = PBXFileReference; fileEncoding = 4; lastKnownFileType = sourcecode.c.h; path = lua_helpers.h; sourceTree = "<group>"; };
		D60205591CC7CC8C00933688 /* module.cpp */ = {isa = PBXFileReference; fileEncoding = 4; lastKnownFileType = sourcecode.cpp.cpp; path = module.cpp; sourceTree = "<group>"; };
		D602055A1CC7CC8C00933688 /* module.h */ = {isa = PBXFileReference; fileEncoding = 4; lastKnownFileType = sourcecode.c.h; path = module.h; sourceTree = "<group>"; };
		D602055B1CC7CC8C00933688 /* xlua.cpp */ = {isa = PBXFileReference; fileEncoding = 4; lastKnownFileType = sourcecode.cpp.cpp; path = xlua.cpp; sourceTree = "<group>"; };
		D602055C1CC7CC8C00933688 /* xpcommands.cpp */ = {isa = PBXFileReference; fileEncoding = 4; lastKnownFileType = sourcecode.cpp.cpp; path = xpcommands.cpp; sourceTree = "<group>"; };
		D602055D1CC7CC8C00933688 /* xpcommands.h */ = {isa = PBXFileReference; fileEncoding = 4; lastKnownFileType = sourcecode.c.h; path = xpcommands.h; sourceTree = "<group>"; };
		D602055E1CC7CC8C00933688 /* xpdatarefs.cpp */ = {isa = PBXFileReference; fileEncoding = 4; lastKnownFileType = sourcecode.cpp.cpp; path = xpdatarefs.cpp; sourceTree = "<group>"; };
		D602055F1CC7CC8C00933688 /* xpdatarefs.h */ = {isa = PBXFileReference; fileEncoding = 4; lastKnownFileType = sourcecode.c.h; path = xpdatarefs.h; sourceTree = "<group>"; };
		D60205601CC7CC8C00933688 /* xpfuncs.cpp */ = {isa = PBXFileReference; fileEncoding = 4; lastKnownFileType = sourcecode.cpp.cpp; path = xpfuncs.cpp; sourceTree = "<group>"; };
		D60205611CC7CC8C00933688 /* xpfuncs.h */ = {isa = PBXFileReference; fileEncoding = 4; lastKnownFileType = sourcecode.c.h; path = xpfuncs.h; sourceTree = "<group>"; };
		D60205621CC7CC8C00933688 /* xptimers.cpp */ = {isa = PBXFileReference; fileEncoding = 4; lastKnownFileType = sourcecode.cpp.cpp; path = xptimers.cpp; sourceTree = "<group>"; };
		D60205631CC7CC8C00933688 /* xptimers.h */ = {isa = PBXFileReference; fileEncoding = 4; lastKnownFileType = sourcecode.c.h; path = xptimers.h; sourceTree = "<group>"; };
		D607B19909A556E400699BC3 /* xlua.xpl */ = {isa = PBXFileReference; explicitFileType = "compiled.mach-o.dylib"; includeInIndex = 0; path = xlua.xpl; sourceTree = BUILT_PRODUCTS_DIR; };
		D6A7BDA916A1DEA200D1426A /* OpenGL.framework */ = {isa = PBXFileReference; lastKnownFileType = wrapper.framework; name = OpenGL.framework; path = System/Library/Frameworks/OpenGL.framework; sourceTree = SDKROOT; };
		D6A7BDC016A1DEC000D1426A /* CoreFoundation.framework */ = {isa = PBXFileReference; lastKnownFileType = wrapper.framework; name = CoreFoundation.framework; path = System/Library/Frameworks/CoreFoundation.framework; sourceTree = SDKROOT; };
		F3FF1D2F2485AD1F00B8336D /* xpmtdatatypes.h */ = {isa = PBXFileReference; fileEncoding = 4; lastKnownFileType = sourcecode.c.h; path = xpmtdatatypes.h; sourceTree = "<group>"; };
		F3FF1D302485AD1F00B8336D /* xpmtdatarefs.cpp */ = {isa = PBXFileReference; fileEncoding = 4; lastKnownFileType = sourcecode.cpp.cpp; path = xpmtdatarefs.cpp; sourceTree = "<group>"; };
		F3FF1D312485AD1F00B8336D /* xpmtdatarefs.h */ = {isa = PBXFileReference; fileEncoding = 4; lastKnownFileType = sourcecode.c.h; path = xpmtdatarefs.h; sourceTree = "<group>"; };
		F430915C2AF984EA006B9344 /* imgui4xp.h */ = {isa = PBXFileReference; fileEncoding = 4; lastKnownFileType = sourcecode.c.h; path = imgui4xp.h; sourceTree = "<group>"; };
		F430915D2AF984EA006B9344 /* imgui_starter_window.cpp */ = {isa = PBXFileReference; fileEncoding = 4; lastKnownFileType = sourcecode.cpp.cpp; path = imgui_starter_window.cpp; sourceTree = "<group>"; };
		F430915E2AF984EA006B9344 /* imgui4xp.cpp */ = {isa = PBXFileReference; fileEncoding = 4; lastKnownFileType = sourcecode.cpp.cpp; path = imgui4xp.cpp; sourceTree = "<group>"; };
		F430915F2AF984EA006B9344 /* ImgWindow */ = {isa = PBXFileReference; lastKnownFileType = folder; path = ImgWindow; sourceTree = "<group>"; };
		F43091602AF984EA006B9344 /* imgui_starter_window.h */ = {isa = PBXFileReference; fileEncoding = 4; lastKnownFileType = sourcecode.c.h; path = imgui_starter_window.h; sourceTree = "<group>"; };
		F43091632AF98585006B9344 /* fa-solid-900.inc */ = {isa = PBXFileReference; fileEncoding = 4; lastKnownFileType = sourcecode.pascal; path = "fa-solid-900.inc"; sourceTree = "<group>"; };
		F43091642AF98585006B9344 /* IconsFontAwesome5.h */ = {isa = PBXFileReference; fileEncoding = 4; lastKnownFileType = sourcecode.c.h; path = IconsFontAwesome5.h; sourceTree = "<group>"; };
		F43091662AF98594006B9344 /* imgui */ = {isa = PBXFileReference; lastKnownFileType = folder; path = imgui; sourceTree = "<group>"; };
		F43091672AF98EEC006B9344 /* ApplicationServices.framework */ = {isa = PBXFileReference; lastKnownFileType = wrapper.framework; name = ApplicationServices.framework; path = System/Library/Frameworks/ApplicationServices.framework; sourceTree = SDKROOT; };
		F430916A2AF98F7A006B9344 /* ImgFontAtlas.cpp */ = {isa = PBXFileReference; lastKnownFileType = sourcecode.cpp.cpp; name = ImgFontAtlas.cpp; path = XTLua/src/ImgWindow/ImgFontAtlas.cpp; sourceTree = "<group>"; };
		F430916E2AF98FE0006B9344 /* ImgWindow.cpp */ = {isa = PBXFileReference; lastKnownFileType = sourcecode.cpp.cpp; name = ImgWindow.cpp; path = XTLua/src/ImgWindow/ImgWindow.cpp; sourceTree = "<group>"; };
		F43091702AF9935F006B9344 /* imgui_draw.cpp */ = {isa = PBXFileReference; lastKnownFileType = sourcecode.cpp.cpp; name = imgui_draw.cpp; path = XTLua/src/imgui/imgui_draw.cpp; sourceTree = "<group>"; };
		F43091712AF9935F006B9344 /* imgui.cpp */ = {isa = PBXFileReference; lastKnownFileType = sourcecode.cpp.cpp; name = imgui.cpp; path = XTLua/src/imgui/imgui.cpp; sourceTree = "<group>"; };
		F43091722AF9935F006B9344 /* imgui_widgets.cpp */ = {isa = PBXFileReference; lastKnownFileType = sourcecode.cpp.cpp; name = imgui_widgets.cpp; path = XTLua/src/imgui/imgui_widgets.cpp; sourceTree = "<group>"; };
		F43091732AF9935F006B9344 /* imgui4xp.cpp */ = {isa = PBXFileReference; lastKnownFileType = sourcecode.cpp.cpp; name = imgui4xp.cpp; path = XTLua/src/imgui4xp.cpp; sourceTree = "<group>"; };
		F43091742AF9935F006B9344 /* imgui_tables.cpp */ = {isa = PBXFileReference; lastKnownFileType = sourcecode.cpp.cpp; name = imgui_tables.cpp; path = XTLua/src/imgui/imgui_tables.cpp; sourceTree = "<group>"; };
		F43091752AF9935F006B9344 /* imgui_stdlib.cpp */ = {isa = PBXFileReference; lastKnownFileType = sourcecode.cpp.cpp; name = imgui_stdlib.cpp; path = XTLua/src/imgui/misc/cpp/imgui_stdlib.cpp; sourceTree = "<group>"; };
		F43091762AF9935F006B9344 /* imgui_demo.cpp */ = {isa = PBXFileReference; lastKnownFileType = sourcecode.cpp.cpp; name = imgui_demo.cpp; path = XTLua/src/imgui/imgui_demo.cpp; sourceTree = "<group>"; };
		F4BA26DD29CA0C710042C3D8 /* SerialWidget.cpp */ = {isa = PBXFileReference; fileEncoding = 4; lastKnownFileType = sourcecode.cpp.cpp; path = SerialWidget.cpp; sourceTree = "<group>"; };
		F4BA26DE29CA0C710042C3D8 /* SerialWidget.h */ = {isa = PBXFileReference; fileEncoding = 4; lastKnownFileType = sourcecode.c.h; path = SerialWidget.h; sourceTree = "<group>"; };
		F4BA26E029CA0DFE0042C3D8 /* XPLM.framework */ = {isa = PBXFileReference; lastKnownFileType = wrapper.framework; name = XPLM.framework; path = SDK/Libraries/Mac/XPLM.framework; sourceTree = "<group>"; };
		F4BA26E229CA0E5A0042C3D8 /* XPLM */ = {isa = PBXFileReference; lastKnownFileType = folder; name = XPLM; path = SDK/CHeaders/XPLM; sourceTree = "<group>"; };
/* End PBXFileReference section */

/* Begin PBXFrameworksBuildPhase section */
		D607B19709A556E400699BC3 /* Frameworks */ = {
			isa = PBXFrameworksBuildPhase;
			buildActionMask = 2147483647;
			files = (
				F43091682AF98EEC006B9344 /* ApplicationServices.framework in Frameworks */,
				D6A7BDAA16A1DEA200D1426A /* OpenGL.framework in Frameworks */,
				D6A7BDC116A1DEC000D1426A /* CoreFoundation.framework in Frameworks */,
				3FAB123925181D370066811B /* XPWidgets.framework in Frameworks */,
				F4BA26E129CA0DFE0042C3D8 /* XPLM.framework in Frameworks */,
			);
			runOnlyForDeploymentPostprocessing = 0;
		};
/* End PBXFrameworksBuildPhase section */

/* Begin PBXGroup section */
		AC4E46B809C2E0B3006B7E1B /* Source */ = {
			isa = PBXGroup;
			children = (
				F4BA26E229CA0E5A0042C3D8 /* XPLM */,
				D60205561CC7CC8C00933688 /* src */,
			);
			name = Source;
			sourceTree = "<group>";
		};
		D60205561CC7CC8C00933688 /* src */ = {
			isa = PBXGroup;
			children = (
				F43091662AF98594006B9344 /* imgui */,
				F43091632AF98585006B9344 /* fa-solid-900.inc */,
				F43091642AF98585006B9344 /* IconsFontAwesome5.h */,
				F430915D2AF984EA006B9344 /* imgui_starter_window.cpp */,
				F43091602AF984EA006B9344 /* imgui_starter_window.h */,
				F430915E2AF984EA006B9344 /* imgui4xp.cpp */,
				F430915C2AF984EA006B9344 /* imgui4xp.h */,
				F430915F2AF984EA006B9344 /* ImgWindow */,
				F4BA26DD29CA0C710042C3D8 /* SerialWidget.cpp */,
				F4BA26DE29CA0C710042C3D8 /* SerialWidget.h */,
				3FAB123C25181EFC0066811B /* xluaplugin.cpp */,
				3FAB123B25181ED70066811B /* xluaplugin.h */,
				F3FF1D302485AD1F00B8336D /* xpmtdatarefs.cpp */,
				F3FF1D312485AD1F00B8336D /* xpmtdatarefs.h */,
				F3FF1D2F2485AD1F00B8336D /* xpmtdatatypes.h */,
				D60205571CC7CC8C00933688 /* lua_helpers.cpp */,
				D60205581CC7CC8C00933688 /* lua_helpers.h */,
				D60205591CC7CC8C00933688 /* module.cpp */,
				D602055A1CC7CC8C00933688 /* module.h */,
				D602055B1CC7CC8C00933688 /* xlua.cpp */,
				D602055C1CC7CC8C00933688 /* xpcommands.cpp */,
				D602055D1CC7CC8C00933688 /* xpcommands.h */,
				D602055E1CC7CC8C00933688 /* xpdatarefs.cpp */,
				D602055F1CC7CC8C00933688 /* xpdatarefs.h */,
				D60205601CC7CC8C00933688 /* xpfuncs.cpp */,
				D60205611CC7CC8C00933688 /* xpfuncs.h */,
				D60205621CC7CC8C00933688 /* xptimers.cpp */,
				D60205631CC7CC8C00933688 /* xptimers.h */,
			);
			name = src;
			path = XTLua/src;
			sourceTree = "<group>";
		};
		D607B15F09A5563000699BC3 = {
			isa = PBXGroup;
			children = (
				F43091762AF9935F006B9344 /* imgui_demo.cpp */,
				F43091702AF9935F006B9344 /* imgui_draw.cpp */,
				F43091752AF9935F006B9344 /* imgui_stdlib.cpp */,
				F43091742AF9935F006B9344 /* imgui_tables.cpp */,
				F43091722AF9935F006B9344 /* imgui_widgets.cpp */,
				F43091712AF9935F006B9344 /* imgui.cpp */,
				F43091732AF9935F006B9344 /* imgui4xp.cpp */,
				F430916E2AF98FE0006B9344 /* ImgWindow.cpp */,
				F430916A2AF98F7A006B9344 /* ImgFontAtlas.cpp */,
				D6A7BDAD16A1DEA700D1426A /* Frameworks */,
				AC4E46B809C2E0B3006B7E1B /* Source */,
				D607B19A09A556E400699BC3 /* Products */,
				D6CD16531C9E153000684062 /* libs */,
			);
			sourceTree = "<group>";
		};
		D607B19A09A556E400699BC3 /* Products */ = {
			isa = PBXGroup;
			children = (
				D607B19909A556E400699BC3 /* xlua.xpl */,
			);
			name = Products;
			sourceTree = "<group>";
		};
		D6A7BDAD16A1DEA700D1426A /* Frameworks */ = {
			isa = PBXGroup;
			children = (
				F43091672AF98EEC006B9344 /* ApplicationServices.framework */,
				F4BA26E029CA0DFE0042C3D8 /* XPLM.framework */,
				3FAB123825181D370066811B /* XPWidgets.framework */,
				D6A7BDC016A1DEC000D1426A /* CoreFoundation.framework */,
				D6A7BDA916A1DEA200D1426A /* OpenGL.framework */,
			);
			name = Frameworks;
			sourceTree = "<group>";
		};
		D6CD16531C9E153000684062 /* libs */ = {
			isa = PBXGroup;
			children = (
			);
			name = libs;
			sourceTree = "<group>";
		};
/* End PBXGroup section */

/* Begin PBXNativeTarget section */
		D607B19809A556E400699BC3 /* xtlua */ = {
			isa = PBXNativeTarget;
			buildConfigurationList = D607B19B09A556E400699BC3 /* Build configuration list for PBXNativeTarget "xtlua" */;
			buildPhases = (
				D607B19609A556E400699BC3 /* Sources */,
				D607B19709A556E400699BC3 /* Frameworks */,
			);
			buildRules = (
			);
			dependencies = (
			);
			name = xtlua;
			productName = StarterPlugin;
			productReference = D607B19909A556E400699BC3 /* xlua.xpl */;
			productType = "com.apple.product-type.library.dynamic";
		};
/* End PBXNativeTarget section */

/* Begin PBXProject section */
		D607B16109A5563100699BC3 /* Project object */ = {
			isa = PBXProject;
			attributes = {
				LastUpgradeCheck = 1340;
				TargetAttributes = {
					D607B19809A556E400699BC3 = {
						DevelopmentTeam = unknown;
						ProvisioningStyle = Manual;
					};
				};
			};
			buildConfigurationList = D607B16209A5563100699BC3 /* Build configuration list for PBXProject "xlua" */;
			compatibilityVersion = "Xcode 3.2";
			developmentRegion = English;
			hasScannedForEncodings = 0;
			knownRegions = (
				English,
				Japanese,
				French,
				German,
			);
			mainGroup = D607B15F09A5563000699BC3;
			productRefGroup = D607B19A09A556E400699BC3 /* Products */;
			projectDirPath = "";
			projectRoot = "";
			targets = (
				D607B19809A556E400699BC3 /* xtlua */,
			);
		};
/* End PBXProject section */

/* Begin PBXSourcesBuildPhase section */
		D607B19609A556E400699BC3 /* Sources */ = {
			isa = PBXSourcesBuildPhase;
			buildActionMask = 2147483647;
			files = (
				F43091772AF9935F006B9344 /* imgui_draw.cpp in Sources */,
				F43091782AF9935F006B9344 /* imgui.cpp in Sources */,
				F43091792AF9935F006B9344 /* imgui_widgets.cpp in Sources */,
				F43091622AF984EA006B9344 /* imgui4xp.cpp in Sources */,
				F430917A2AF9935F006B9344 /* imgui_tables.cpp in Sources */,
				F430917B2AF9935F006B9344 /* imgui_stdlib.cpp in Sources */,
				F430917C2AF9935F006B9344 /* imgui_demo.cpp in Sources */,
				F430916F2AF98FE0006B9344 /* ImgWindow.cpp in Sources */,
				F430916B2AF98F7A006B9344 /* ImgFontAtlas.cpp in Sources */,
				D60205651CC7CC8C00933688 /* module.cpp in Sources */,
				F43091652AF98585006B9344 /* fa-solid-900.inc in Sources */,
				D60205681CC7CC8C00933688 /* xpdatarefs.cpp in Sources */,
				D60205691CC7CC8C00933688 /* xpfuncs.cpp in Sources */,
				D60205661CC7CC8C00933688 /* xlua.cpp in Sources */,
				F3FF1D322485AD1F00B8336D /* xpmtdatarefs.cpp in Sources */,
				D60205641CC7CC8C00933688 /* lua_helpers.cpp in Sources */,
				D60205671CC7CC8C00933688 /* xpcommands.cpp in Sources */,
				D602056A1CC7CC8C00933688 /* xptimers.cpp in Sources */,
				3FAB123D25181EFC0066811B /* xluaplugin.cpp in Sources */,
				F43091612AF984EA006B9344 /* imgui_starter_window.cpp in Sources */,
				F4BA26DF29CA0C710042C3D8 /* SerialWidget.cpp in Sources */,
			);
			runOnlyForDeploymentPostprocessing = 0;
		};
/* End PBXSourcesBuildPhase section */

/* Begin XCBuildConfiguration section */
		D607B16309A5563100699BC3 /* Debug */ = {
			isa = XCBuildConfiguration;
			buildSettings = {
				CLANG_ANALYZER_LOCALIZABILITY_NONLOCALIZED = YES;
				CLANG_CXX_LANGUAGE_STANDARD = "c++14";
				CLANG_WARN_BLOCK_CAPTURE_AUTORELEASING = YES;
				CLANG_WARN_BOOL_CONVERSION = YES;
				CLANG_WARN_COMMA = NO;
				CLANG_WARN_CONSTANT_CONVERSION = YES;
				CLANG_WARN_DEPRECATED_OBJC_IMPLEMENTATIONS = YES;
				CLANG_WARN_EMPTY_BODY = YES;
				CLANG_WARN_ENUM_CONVERSION = YES;
				CLANG_WARN_INFINITE_RECURSION = YES;
				CLANG_WARN_INT_CONVERSION = YES;
				CLANG_WARN_NON_LITERAL_NULL_CONVERSION = YES;
				CLANG_WARN_OBJC_IMPLICIT_RETAIN_SELF = YES;
				CLANG_WARN_OBJC_LITERAL_CONVERSION = YES;
				CLANG_WARN_QUOTED_INCLUDE_IN_FRAMEWORK_HEADER = YES;
				CLANG_WARN_RANGE_LOOP_ANALYSIS = YES;
				CLANG_WARN_STRICT_PROTOTYPES = YES;
				CLANG_WARN_SUSPICIOUS_MOVE = YES;
				CLANG_WARN_UNREACHABLE_CODE = YES;
				CLANG_WARN__DUPLICATE_METHOD_MATCH = YES;
				CODE_SIGN_IDENTITY = "-";
				CODE_SIGN_INJECT_BASE_ENTITLEMENTS = NO;
				CODE_SIGN_STYLE = Manual;
				DEPLOYMENT_LOCATION = NO;
				DEVELOPMENT_TEAM = unknown;
				DYLIB_COMPATIBILITY_VERSION = "";
				DYLIB_CURRENT_VERSION = "";
				ENABLE_STRICT_OBJC_MSGSEND = YES;
				ENABLE_TESTABILITY = YES;
				EXCLUDED_ARCHS = "";
				EXECUTABLE_EXTENSION = xpl;
				FRAMEWORK_SEARCH_PATHS = "$(XPSDK_ROOT)/Libraries/Mac";
				GCC_NO_COMMON_BLOCKS = YES;
				GCC_OPTIMIZATION_LEVEL = 0;
				GCC_PREPROCESSOR_DEFINITIONS = (
					"APL=1",
					"IBM=0",
					"LIN=0",
					"XPLM200=1",
					"XPLM300=1",
					"XPLM301=1",
					"XPLM210=1",
				);
				GCC_SYMBOLS_PRIVATE_EXTERN = YES;
				GCC_TREAT_WARNINGS_AS_ERRORS = YES;
				GCC_VERSION = "";
				GCC_WARN_64_TO_32_BIT_CONVERSION = YES;
				GCC_WARN_ABOUT_DEPRECATED_FUNCTIONS = NO;
				GCC_WARN_ABOUT_RETURN_TYPE = YES;
				GCC_WARN_UNDECLARED_SELECTOR = YES;
				GCC_WARN_UNINITIALIZED_AUTOS = YES;
				GCC_WARN_UNUSED_FUNCTION = YES;
				GCC_WARN_UNUSED_LABEL = YES;
				GCC_WARN_UNUSED_VARIABLE = YES;
				HEADER_SEARCH_PATHS = (
					"$(XPSDK_ROOT)/CHeaders/Widgets",
					"$(XPSDK_ROOT)/CHeaders/XPLM",
					lua_sdk,
					"$(HEADER_SEARCH_PATHS)",
					XTLua/include,
					XTLua/src/ImgWindow,
					XTLua/src/,
					XTLua/src/imgui/misc/cpp,
					XTLua/src/imgui,
				);
				LIBRARY_SEARCH_PATHS = (
					"XTLua/src/imgui/examples/libs/glfw/lib-vc2010-64",
					"XTLua/src/imgui/examples/libs/glfw/lib-vc2010-32",
				);
				MACH_O_TYPE = mh_bundle;
				MACOSX_DEPLOYMENT_TARGET = 10.10;
				ONLY_ACTIVE_ARCH = NO;
				OTHER_LDFLAGS = (
					"$(OTHER_LDFLAGS)",
					"-Wl,-exported_symbol",
					"-Wl,_XPluginStart",
					"-Wl,-exported_symbol",
					"-Wl,_XPluginEnable",
					"-Wl,-exported_symbol",
					"-Wl,_XPluginReceiveMessage",
					"-Wl,-exported_symbol",
					"-Wl,_XPluginDisable",
					"-Wl,-exported_symbol",
					"-Wl,_XPluginStop",
					lua_sdk/libluajit_mac.a,
				);
				PRODUCT_NAME = mac;
				SDKROOT = macosx;
				XPSDK_ROOT = SDK;
			};
			name = Debug;
		};
		D607B16409A5563100699BC3 /* Release */ = {
			isa = XCBuildConfiguration;
			buildSettings = {
				CLANG_ANALYZER_LOCALIZABILITY_NONLOCALIZED = YES;
				CLANG_CXX_LANGUAGE_STANDARD = "c++14";
				CLANG_WARN_BLOCK_CAPTURE_AUTORELEASING = YES;
				CLANG_WARN_BOOL_CONVERSION = YES;
				CLANG_WARN_COMMA = NO;
				CLANG_WARN_CONSTANT_CONVERSION = YES;
				CLANG_WARN_DEPRECATED_OBJC_IMPLEMENTATIONS = YES;
				CLANG_WARN_EMPTY_BODY = YES;
				CLANG_WARN_ENUM_CONVERSION = YES;
				CLANG_WARN_INFINITE_RECURSION = YES;
				CLANG_WARN_INT_CONVERSION = YES;
				CLANG_WARN_NON_LITERAL_NULL_CONVERSION = YES;
				CLANG_WARN_OBJC_IMPLICIT_RETAIN_SELF = YES;
				CLANG_WARN_OBJC_LITERAL_CONVERSION = YES;
				CLANG_WARN_QUOTED_INCLUDE_IN_FRAMEWORK_HEADER = YES;
				CLANG_WARN_RANGE_LOOP_ANALYSIS = YES;
				CLANG_WARN_STRICT_PROTOTYPES = YES;
				CLANG_WARN_SUSPICIOUS_MOVE = YES;
				CLANG_WARN_UNREACHABLE_CODE = YES;
				CLANG_WARN__DUPLICATE_METHOD_MATCH = YES;
				CODE_SIGN_IDENTITY = "-";
				CODE_SIGN_INJECT_BASE_ENTITLEMENTS = NO;
				CODE_SIGN_STYLE = Manual;
				DEPLOYMENT_LOCATION = NO;
				DEVELOPMENT_TEAM = unknown;
				DYLIB_COMPATIBILITY_VERSION = "";
				DYLIB_CURRENT_VERSION = "";
				ENABLE_STRICT_OBJC_MSGSEND = YES;
				EXCLUDED_ARCHS = "";
				EXECUTABLE_EXTENSION = xpl;
				FRAMEWORK_SEARCH_PATHS = "$(XPSDK_ROOT)/Libraries/Mac";
				GCC_NO_COMMON_BLOCKS = YES;
				GCC_PREPROCESSOR_DEFINITIONS = (
					"APL=1",
					"IBM=0",
					"LIN=0",
					"XPLM200=1",
					"XPLM300=1",
					"XPLM301=1",
					"XPLM210=1",
				);
				GCC_SYMBOLS_PRIVATE_EXTERN = YES;
				GCC_TREAT_WARNINGS_AS_ERRORS = YES;
				GCC_VERSION = "";
				GCC_WARN_64_TO_32_BIT_CONVERSION = YES;
				GCC_WARN_ABOUT_DEPRECATED_FUNCTIONS = NO;
				GCC_WARN_ABOUT_RETURN_TYPE = YES;
				GCC_WARN_UNDECLARED_SELECTOR = YES;
				GCC_WARN_UNINITIALIZED_AUTOS = YES;
				GCC_WARN_UNUSED_FUNCTION = YES;
				GCC_WARN_UNUSED_LABEL = YES;
				GCC_WARN_UNUSED_VARIABLE = YES;
				HEADER_SEARCH_PATHS = (
					"$(XPSDK_ROOT)/CHeaders/Widgets",
					"$(XPSDK_ROOT)/CHeaders/XPLM",
					lua_sdk,
					"$(HEADER_SEARCH_PATHS)",
					XTLua/include,
					XTLua/src/ImgWindow,
					XTLua/src/,
					XTLua/src/imgui/misc/cpp,
					XTLua/src/imgui,
				);
				LIBRARY_SEARCH_PATHS = (
					"XTLua/src/imgui/examples/libs/glfw/lib-vc2010-64",
					"XTLua/src/imgui/examples/libs/glfw/lib-vc2010-32",
				);
				MACH_O_TYPE = mh_bundle;
				MACOSX_DEPLOYMENT_TARGET = 10.10;
				ONLY_ACTIVE_ARCH = NO;
				OTHER_LDFLAGS = (
					"$(OTHER_LDFLAGS)",
					"-Wl,-exported_symbol",
					"-Wl,_XPluginStart",
					"-Wl,-exported_symbol",
					"-Wl,_XPluginEnable",
					"-Wl,-exported_symbol",
					"-Wl,_XPluginReceiveMessage",
					"-Wl,-exported_symbol",
					"-Wl,_XPluginDisable",
					"-Wl,-exported_symbol",
					"-Wl,_XPluginStop",
					lua_sdk/libluajit_mac.a,
				);
				PRODUCT_MODULE_NAME = mac;
				PRODUCT_NAME = mac;
				SDKROOT = macosx;
				XPSDK_ROOT = SDK;
			};
			name = Release;
		};
		D607B19C09A556E400699BC3 /* Debug */ = {
			isa = XCBuildConfiguration;
			buildSettings = {
				CLANG_CXX_LANGUAGE_STANDARD = "c++14";
				CLANG_ENABLE_OBJC_WEAK = YES;
				FRAMEWORK_SEARCH_PATHS = (
					"$(inherited)",
					"$(PROJECT_DIR)/SDK/Libraries/Mac",
				);
				LIBRARY_SEARCH_PATHS = (
					"$(inherited)",
					"$(PROJECT_DIR)",
					"$(PROJECT_DIR)/SDK/Libraries/Mac/XPLM.framework",
				);
				MACOSX_DEPLOYMENT_TARGET = 10.11;
				OTHER_CODE_SIGN_FLAGS = "--timestamp";
				OTHER_LDFLAGS = (
					"$(OTHER_LDFLAGS)",
					"-Wl,-exported_symbol",
					"-Wl,_XPluginStart",
					"-Wl,-exported_symbol",
					"-Wl,_XPluginEnable",
					"-Wl,-exported_symbol",
					"-Wl,_XPluginReceiveMessage",
					"-Wl,-exported_symbol",
					"-Wl,_XPluginDisable",
					"-Wl,-exported_symbol",
					"-Wl,_XPluginStop",
					lua_sdk/libluajit_mac.a,
				);
				PRODUCT_NAME = xlua;
			};
			name = Debug;
		};
		D607B19D09A556E400699BC3 /* Release */ = {
			isa = XCBuildConfiguration;
			buildSettings = {
				CLANG_CXX_LANGUAGE_STANDARD = "c++14";
				CLANG_ENABLE_OBJC_WEAK = YES;
				ENABLE_HARDENED_RUNTIME = YES;
				FRAMEWORK_SEARCH_PATHS = (
					"$(inherited)",
					"$(PROJECT_DIR)/SDK/Libraries/Mac",
				);
				LIBRARY_SEARCH_PATHS = (
					"$(inherited)",
					"$(PROJECT_DIR)",
					"$(PROJECT_DIR)/SDK/Libraries/Mac/XPLM.framework",
				);
				MACOSX_DEPLOYMENT_TARGET = 10.11;
				OTHER_CODE_SIGN_FLAGS = "--timestamp";
				OTHER_LDFLAGS = (
					"$(OTHER_LDFLAGS)",
					"-Wl,-exported_symbol",
					"-Wl,_XPluginStart",
					"-Wl,-exported_symbol",
					"-Wl,_XPluginEnable",
					"-Wl,-exported_symbol",
					"-Wl,_XPluginReceiveMessage",
					"-Wl,-exported_symbol",
					"-Wl,_XPluginDisable",
					"-Wl,-exported_symbol",
					"-Wl,_XPluginStop",
					lua_sdk/libluajit_mac.a,
				);
				PRODUCT_NAME = xlua;
			};
			name = Release;
		};
/* End XCBuildConfiguration section */

/* Begin XCConfigurationList section */
		D607B16209A5563100699BC3 /* Build configuration list for PBXProject "xlua" */ = {
			isa = XCConfigurationList;
			buildConfigurations = (
				D607B16309A5563100699BC3 /* Debug */,
				D607B16409A5563100699BC3 /* Release */,
			);
			defaultConfigurationIsVisible = 0;
			defaultConfigurationName = Release;
		};
		D607B19B09A556E400699BC3 /* Build configuration list for PBXNativeTarget "xtlua" */ = {
			isa = XCConfigurationList;
			buildConfigurations = (
				D607B19C09A556E400699BC3 /* Debug */,
				D607B19D09A556E400699BC3 /* Release */,
			);
			defaultConfigurationIsVisible = 0;
			defaultConfigurationName = Release;
		};
/* End XCConfigurationList section */
	};
	rootObject = D607B16109A5563100699BC3 /* Project object */;
}
